// !$*UTF8*$!
{
	archiveVersion = 1;
	classes = {
	};
	objectVersion = 46;
	objects = {

/* Begin PBXBuildFile section */
		403D3D421EEA525E006478A9 /* SpellViewController.swift in Sources */ = {isa = PBXBuildFile; fileRef = 403D3D411EEA525E006478A9 /* SpellViewController.swift */; };
		403D3D441EEA5E44006478A9 /* Spell.swift in Sources */ = {isa = PBXBuildFile; fileRef = 403D3D431EEA5E44006478A9 /* Spell.swift */; };
		405F6FB51EEB5CF5001C258B /* texgyrebonum-bold.otf in Resources */ = {isa = PBXBuildFile; fileRef = 405F6FB11EEB5CF5001C258B /* texgyrebonum-bold.otf */; };
		405F6FB61EEB5CF5001C258B /* texgyrebonum-bolditalic.otf in Resources */ = {isa = PBXBuildFile; fileRef = 405F6FB21EEB5CF5001C258B /* texgyrebonum-bolditalic.otf */; };
		405F6FB71EEB5CF5001C258B /* texgyrebonum-italic.otf in Resources */ = {isa = PBXBuildFile; fileRef = 405F6FB31EEB5CF5001C258B /* texgyrebonum-italic.otf */; };
		405F6FB81EEB5CF5001C258B /* texgyrebonum-regular.otf in Resources */ = {isa = PBXBuildFile; fileRef = 405F6FB41EEB5CF5001C258B /* texgyrebonum-regular.otf */; };
		40A2D97E1EE4BA2300FE237A /* AppDelegate.swift in Sources */ = {isa = PBXBuildFile; fileRef = 40A2D97D1EE4BA2300FE237A /* AppDelegate.swift */; };
		40A2D9801EE4BA2300FE237A /* ClassSpellbook.swift in Sources */ = {isa = PBXBuildFile; fileRef = 40A2D97F1EE4BA2300FE237A /* ClassSpellbook.swift */; };
		40A2D9851EE4BA2300FE237A /* Main.storyboard in Resources */ = {isa = PBXBuildFile; fileRef = 40A2D9831EE4BA2300FE237A /* Main.storyboard */; };
		40A2D9871EE4BA2300FE237A /* Assets.xcassets in Resources */ = {isa = PBXBuildFile; fileRef = 40A2D9861EE4BA2300FE237A /* Assets.xcassets */; };
		40A2D98A1EE4BA2300FE237A /* LaunchScreen.storyboard in Resources */ = {isa = PBXBuildFile; fileRef = 40A2D9881EE4BA2300FE237A /* LaunchScreen.storyboard */; };
		40A2D9951EE4BA2300FE237A /* Book_of_Many_ThingsTests.swift in Sources */ = {isa = PBXBuildFile; fileRef = 40A2D9941EE4BA2300FE237A /* Book_of_Many_ThingsTests.swift */; };
		40B1BCE11EECFCA00011D115 /* TabbedViewController.swift in Sources */ = {isa = PBXBuildFile; fileRef = 40B1BCE01EECFCA00011D115 /* TabbedViewController.swift */; };
		40C962911EE61348005148F6 /* data.json in Resources */ = {isa = PBXBuildFile; fileRef = 40C962901EE61348005148F6 /* data.json */; };
/* End PBXBuildFile section */

/* Begin PBXContainerItemProxy section */
		40A2D9911EE4BA2300FE237A /* PBXContainerItemProxy */ = {
			isa = PBXContainerItemProxy;
			containerPortal = 40A2D9721EE4BA2300FE237A /* Project object */;
			proxyType = 1;
			remoteGlobalIDString = 40A2D9791EE4BA2300FE237A;
			remoteInfo = "Book of Many Things";
		};
/* End PBXContainerItemProxy section */

/* Begin PBXFileReference section */
		403D3D411EEA525E006478A9 /* SpellViewController.swift */ = {isa = PBXFileReference; fileEncoding = 4; lastKnownFileType = sourcecode.swift; path = SpellViewController.swift; sourceTree = "<group>"; };
		403D3D431EEA5E44006478A9 /* Spell.swift */ = {isa = PBXFileReference; fileEncoding = 4; lastKnownFileType = sourcecode.swift; path = Spell.swift; sourceTree = "<group>"; };
		405F6FB11EEB5CF5001C258B /* texgyrebonum-bold.otf */ = {isa = PBXFileReference; lastKnownFileType = file; name = "texgyrebonum-bold.otf"; path = "../../../../Downloads/gust-e-foundry_tex-gyre-bonum/texgyrebonum-bold.otf"; sourceTree = "<group>"; };
		405F6FB21EEB5CF5001C258B /* texgyrebonum-bolditalic.otf */ = {isa = PBXFileReference; lastKnownFileType = file; name = "texgyrebonum-bolditalic.otf"; path = "../../../../Downloads/gust-e-foundry_tex-gyre-bonum/texgyrebonum-bolditalic.otf"; sourceTree = "<group>"; };
		405F6FB31EEB5CF5001C258B /* texgyrebonum-italic.otf */ = {isa = PBXFileReference; lastKnownFileType = file; name = "texgyrebonum-italic.otf"; path = "../../../../Downloads/gust-e-foundry_tex-gyre-bonum/texgyrebonum-italic.otf"; sourceTree = "<group>"; };
		405F6FB41EEB5CF5001C258B /* texgyrebonum-regular.otf */ = {isa = PBXFileReference; lastKnownFileType = file; name = "texgyrebonum-regular.otf"; path = "../../../../Downloads/gust-e-foundry_tex-gyre-bonum/texgyrebonum-regular.otf"; sourceTree = "<group>"; };
		40A2D97A1EE4BA2300FE237A /* Book of Many Things.app */ = {isa = PBXFileReference; explicitFileType = wrapper.application; includeInIndex = 0; path = "Book of Many Things.app"; sourceTree = BUILT_PRODUCTS_DIR; };
		40A2D97D1EE4BA2300FE237A /* AppDelegate.swift */ = {isa = PBXFileReference; lastKnownFileType = sourcecode.swift; path = AppDelegate.swift; sourceTree = "<group>"; };
		40A2D97F1EE4BA2300FE237A /* ClassSpellbook.swift */ = {isa = PBXFileReference; lastKnownFileType = sourcecode.swift; path = ClassSpellbook.swift; sourceTree = "<group>"; };
		40A2D9841EE4BA2300FE237A /* Base */ = {isa = PBXFileReference; lastKnownFileType = file.storyboard; name = Base; path = Base.lproj/Main.storyboard; sourceTree = "<group>"; };
		40A2D9861EE4BA2300FE237A /* Assets.xcassets */ = {isa = PBXFileReference; lastKnownFileType = folder.assetcatalog; path = Assets.xcassets; sourceTree = "<group>"; };
		40A2D9891EE4BA2300FE237A /* Base */ = {isa = PBXFileReference; lastKnownFileType = file.storyboard; name = Base; path = Base.lproj/LaunchScreen.storyboard; sourceTree = "<group>"; };
		40A2D98B1EE4BA2300FE237A /* Info.plist */ = {isa = PBXFileReference; lastKnownFileType = text.plist.xml; path = Info.plist; sourceTree = "<group>"; };
		40A2D9901EE4BA2300FE237A /* Book of Many ThingsTests.xctest */ = {isa = PBXFileReference; explicitFileType = wrapper.cfbundle; includeInIndex = 0; path = "Book of Many ThingsTests.xctest"; sourceTree = BUILT_PRODUCTS_DIR; };
		40A2D9941EE4BA2300FE237A /* Book_of_Many_ThingsTests.swift */ = {isa = PBXFileReference; lastKnownFileType = sourcecode.swift; path = Book_of_Many_ThingsTests.swift; sourceTree = "<group>"; };
		40A2D9961EE4BA2300FE237A /* Info.plist */ = {isa = PBXFileReference; lastKnownFileType = text.plist.xml; path = Info.plist; sourceTree = "<group>"; };
		40B1BCE01EECFCA00011D115 /* TabbedViewController.swift */ = {isa = PBXFileReference; fileEncoding = 4; lastKnownFileType = sourcecode.swift; path = TabbedViewController.swift; sourceTree = "<group>"; };
		40C962901EE61348005148F6 /* data.json */ = {isa = PBXFileReference; fileEncoding = 4; lastKnownFileType = text.json; path = data.json; sourceTree = "<group>"; };
/* End PBXFileReference section */

/* Begin PBXFrameworksBuildPhase section */
		40A2D9771EE4BA2300FE237A /* Frameworks */ = {
			isa = PBXFrameworksBuildPhase;
			buildActionMask = 2147483647;
			files = (
			);
			runOnlyForDeploymentPostprocessing = 0;
		};
		40A2D98D1EE4BA2300FE237A /* Frameworks */ = {
			isa = PBXFrameworksBuildPhase;
			buildActionMask = 2147483647;
			files = (
			);
			runOnlyForDeploymentPostprocessing = 0;
		};
/* End PBXFrameworksBuildPhase section */

/* Begin PBXGroup section */
		405F6FB01EEB5CD1001C258B /* Resources */ = {
			isa = PBXGroup;
			children = (
				405F6FB11EEB5CF5001C258B /* texgyrebonum-bold.otf */,
				405F6FB21EEB5CF5001C258B /* texgyrebonum-bolditalic.otf */,
				405F6FB31EEB5CF5001C258B /* texgyrebonum-italic.otf */,
				405F6FB41EEB5CF5001C258B /* texgyrebonum-regular.otf */,
			);
			name = Resources;
			sourceTree = "<group>";
		};
		40A2D9711EE4BA2300FE237A = {
			isa = PBXGroup;
			children = (
				40A2D97C1EE4BA2300FE237A /* Book of Many Things */,
				40A2D9931EE4BA2300FE237A /* Book of Many ThingsTests */,
				40A2D97B1EE4BA2300FE237A /* Products */,
			);
			sourceTree = "<group>";
		};
		40A2D97B1EE4BA2300FE237A /* Products */ = {
			isa = PBXGroup;
			children = (
				40A2D97A1EE4BA2300FE237A /* Book of Many Things.app */,
				40A2D9901EE4BA2300FE237A /* Book of Many ThingsTests.xctest */,
			);
			name = Products;
			sourceTree = "<group>";
		};
		40A2D97C1EE4BA2300FE237A /* Book of Many Things */ = {
			isa = PBXGroup;
			children = (
				405F6FB01EEB5CD1001C258B /* Resources */,
				40A2D97D1EE4BA2300FE237A /* AppDelegate.swift */,
				40A2D97F1EE4BA2300FE237A /* ClassSpellbook.swift */,
				40B1BCE01EECFCA00011D115 /* TabbedViewController.swift */,
				403D3D431EEA5E44006478A9 /* Spell.swift */,
				403D3D411EEA525E006478A9 /* SpellViewController.swift */,
				40C962901EE61348005148F6 /* data.json */,
				40A2D9831EE4BA2300FE237A /* Main.storyboard */,
				40A2D9861EE4BA2300FE237A /* Assets.xcassets */,
				40A2D9881EE4BA2300FE237A /* LaunchScreen.storyboard */,
				40A2D98B1EE4BA2300FE237A /* Info.plist */,
			);
			path = "Book of Many Things";
			sourceTree = "<group>";
		};
		40A2D9931EE4BA2300FE237A /* Book of Many ThingsTests */ = {
			isa = PBXGroup;
			children = (
				40A2D9941EE4BA2300FE237A /* Book_of_Many_ThingsTests.swift */,
				40A2D9961EE4BA2300FE237A /* Info.plist */,
			);
			path = "Book of Many ThingsTests";
			sourceTree = "<group>";
		};
/* End PBXGroup section */

/* Begin PBXNativeTarget section */
		40A2D9791EE4BA2300FE237A /* Book of Many Things */ = {
			isa = PBXNativeTarget;
			buildConfigurationList = 40A2D9991EE4BA2300FE237A /* Build configuration list for PBXNativeTarget "Book of Many Things" */;
			buildPhases = (
				40A2D9761EE4BA2300FE237A /* Sources */,
				40A2D9771EE4BA2300FE237A /* Frameworks */,
				40A2D9781EE4BA2300FE237A /* Resources */,
			);
			buildRules = (
			);
			dependencies = (
			);
			name = "Book of Many Things";
			productName = "Book of Many Things";
			productReference = 40A2D97A1EE4BA2300FE237A /* Book of Many Things.app */;
			productType = "com.apple.product-type.application";
		};
		40A2D98F1EE4BA2300FE237A /* Book of Many ThingsTests */ = {
			isa = PBXNativeTarget;
			buildConfigurationList = 40A2D99C1EE4BA2300FE237A /* Build configuration list for PBXNativeTarget "Book of Many ThingsTests" */;
			buildPhases = (
				40A2D98C1EE4BA2300FE237A /* Sources */,
				40A2D98D1EE4BA2300FE237A /* Frameworks */,
				40A2D98E1EE4BA2300FE237A /* Resources */,
			);
			buildRules = (
			);
			dependencies = (
				40A2D9921EE4BA2300FE237A /* PBXTargetDependency */,
			);
			name = "Book of Many ThingsTests";
			productName = "Book of Many ThingsTests";
			productReference = 40A2D9901EE4BA2300FE237A /* Book of Many ThingsTests.xctest */;
			productType = "com.apple.product-type.bundle.unit-test";
		};
/* End PBXNativeTarget section */

/* Begin PBXProject section */
		40A2D9721EE4BA2300FE237A /* Project object */ = {
			isa = PBXProject;
			attributes = {
				LastSwiftUpdateCheck = 0830;
				LastUpgradeCheck = 0830;
				ORGANIZATIONNAME = "Victor Jifcu";
				TargetAttributes = {
					40A2D9791EE4BA2300FE237A = {
						CreatedOnToolsVersion = 8.3.2;
						DevelopmentTeam = 434WL5CLN7;
						ProvisioningStyle = Automatic;
					};
					40A2D98F1EE4BA2300FE237A = {
						CreatedOnToolsVersion = 8.3.2;
						DevelopmentTeam = GVGKEVD3RJ;
						ProvisioningStyle = Automatic;
						TestTargetID = 40A2D9791EE4BA2300FE237A;
					};
				};
			};
			buildConfigurationList = 40A2D9751EE4BA2300FE237A /* Build configuration list for PBXProject "Book of Many Things" */;
			compatibilityVersion = "Xcode 3.2";
			developmentRegion = English;
			hasScannedForEncodings = 0;
			knownRegions = (
				en,
				Base,
			);
			mainGroup = 40A2D9711EE4BA2300FE237A;
			productRefGroup = 40A2D97B1EE4BA2300FE237A /* Products */;
			projectDirPath = "";
			projectRoot = "";
			targets = (
				40A2D9791EE4BA2300FE237A /* Book of Many Things */,
				40A2D98F1EE4BA2300FE237A /* Book of Many ThingsTests */,
			);
		};
/* End PBXProject section */

/* Begin PBXResourcesBuildPhase section */
		40A2D9781EE4BA2300FE237A /* Resources */ = {
			isa = PBXResourcesBuildPhase;
			buildActionMask = 2147483647;
			files = (
				40C962911EE61348005148F6 /* data.json in Resources */,
				405F6FB61EEB5CF5001C258B /* texgyrebonum-bolditalic.otf in Resources */,
				40A2D98A1EE4BA2300FE237A /* LaunchScreen.storyboard in Resources */,
				40A2D9871EE4BA2300FE237A /* Assets.xcassets in Resources */,
				405F6FB71EEB5CF5001C258B /* texgyrebonum-italic.otf in Resources */,
				40A2D9851EE4BA2300FE237A /* Main.storyboard in Resources */,
				405F6FB51EEB5CF5001C258B /* texgyrebonum-bold.otf in Resources */,
				405F6FB81EEB5CF5001C258B /* texgyrebonum-regular.otf in Resources */,
			);
			runOnlyForDeploymentPostprocessing = 0;
		};
		40A2D98E1EE4BA2300FE237A /* Resources */ = {
			isa = PBXResourcesBuildPhase;
			buildActionMask = 2147483647;
			files = (
			);
			runOnlyForDeploymentPostprocessing = 0;
		};
/* End PBXResourcesBuildPhase section */

/* Begin PBXSourcesBuildPhase section */
		40A2D9761EE4BA2300FE237A /* Sources */ = {
			isa = PBXSourcesBuildPhase;
			buildActionMask = 2147483647;
			files = (
				40B1BCE11EECFCA00011D115 /* TabbedViewController.swift in Sources */,
				403D3D421EEA525E006478A9 /* SpellViewController.swift in Sources */,
				403D3D441EEA5E44006478A9 /* Spell.swift in Sources */,
				40A2D97E1EE4BA2300FE237A /* AppDelegate.swift in Sources */,
				40A2D9801EE4BA2300FE237A /* ClassSpellbook.swift in Sources */,
			);
			runOnlyForDeploymentPostprocessing = 0;
		};
		40A2D98C1EE4BA2300FE237A /* Sources */ = {
			isa = PBXSourcesBuildPhase;
			buildActionMask = 2147483647;
			files = (
				40A2D9951EE4BA2300FE237A /* Book_of_Many_ThingsTests.swift in Sources */,
			);
			runOnlyForDeploymentPostprocessing = 0;
		};
/* End PBXSourcesBuildPhase section */

/* Begin PBXTargetDependency section */
		40A2D9921EE4BA2300FE237A /* PBXTargetDependency */ = {
			isa = PBXTargetDependency;
			target = 40A2D9791EE4BA2300FE237A /* Book of Many Things */;
			targetProxy = 40A2D9911EE4BA2300FE237A /* PBXContainerItemProxy */;
		};
/* End PBXTargetDependency section */

/* Begin PBXVariantGroup section */
		40A2D9831EE4BA2300FE237A /* Main.storyboard */ = {
			isa = PBXVariantGroup;
			children = (
				40A2D9841EE4BA2300FE237A /* Base */,
			);
			name = Main.storyboard;
			sourceTree = "<group>";
		};
		40A2D9881EE4BA2300FE237A /* LaunchScreen.storyboard */ = {
			isa = PBXVariantGroup;
			children = (
				40A2D9891EE4BA2300FE237A /* Base */,
			);
			name = LaunchScreen.storyboard;
			sourceTree = "<group>";
		};
/* End PBXVariantGroup section */

/* Begin XCBuildConfiguration section */
		40A2D9971EE4BA2300FE237A /* Debug */ = {
			isa = XCBuildConfiguration;
			buildSettings = {
				ALWAYS_SEARCH_USER_PATHS = NO;
				CLANG_ANALYZER_NONNULL = YES;
				CLANG_ANALYZER_NUMBER_OBJECT_CONVERSION = YES_AGGRESSIVE;
				CLANG_CXX_LANGUAGE_STANDARD = "gnu++0x";
				CLANG_CXX_LIBRARY = "libc++";
				CLANG_ENABLE_MODULES = YES;
				CLANG_ENABLE_OBJC_ARC = YES;
				CLANG_WARN_BOOL_CONVERSION = YES;
				CLANG_WARN_CONSTANT_CONVERSION = YES;
				CLANG_WARN_DIRECT_OBJC_ISA_USAGE = YES_ERROR;
				CLANG_WARN_DOCUMENTATION_COMMENTS = YES;
				CLANG_WARN_EMPTY_BODY = YES;
				CLANG_WARN_ENUM_CONVERSION = YES;
				CLANG_WARN_INFINITE_RECURSION = YES;
				CLANG_WARN_INT_CONVERSION = YES;
				CLANG_WARN_OBJC_ROOT_CLASS = YES_ERROR;
				CLANG_WARN_SUSPICIOUS_MOVE = YES;
				CLANG_WARN_UNREACHABLE_CODE = YES;
				CLANG_WARN__DUPLICATE_METHOD_MATCH = YES;
				"CODE_SIGN_IDENTITY[sdk=iphoneos*]" = "iPhone Developer";
				COPY_PHASE_STRIP = NO;
				DEBUG_INFORMATION_FORMAT = dwarf;
				ENABLE_STRICT_OBJC_MSGSEND = YES;
				ENABLE_TESTABILITY = YES;
				GCC_C_LANGUAGE_STANDARD = gnu99;
				GCC_DYNAMIC_NO_PIC = NO;
				GCC_NO_COMMON_BLOCKS = YES;
				GCC_OPTIMIZATION_LEVEL = 0;
				GCC_PREPROCESSOR_DEFINITIONS = (
					"DEBUG=1",
					"$(inherited)",
				);
				GCC_WARN_64_TO_32_BIT_CONVERSION = YES;
				GCC_WARN_ABOUT_RETURN_TYPE = YES_ERROR;
				GCC_WARN_UNDECLARED_SELECTOR = YES;
				GCC_WARN_UNINITIALIZED_AUTOS = YES_AGGRESSIVE;
				GCC_WARN_UNUSED_FUNCTION = YES;
				GCC_WARN_UNUSED_VARIABLE = YES;
				IPHONEOS_DEPLOYMENT_TARGET = 10.3;
				MTL_ENABLE_DEBUG_INFO = YES;
				ONLY_ACTIVE_ARCH = YES;
				SDKROOT = iphoneos;
				SWIFT_ACTIVE_COMPILATION_CONDITIONS = DEBUG;
				SWIFT_OPTIMIZATION_LEVEL = "-Onone";
				TARGETED_DEVICE_FAMILY = "1,2";
			};
			name = Debug;
		};
		40A2D9981EE4BA2300FE237A /* Release */ = {
			isa = XCBuildConfiguration;
			buildSettings = {
				ALWAYS_SEARCH_USER_PATHS = NO;
				CLANG_ANALYZER_NONNULL = YES;
				CLANG_ANALYZER_NUMBER_OBJECT_CONVERSION = YES_AGGRESSIVE;
				CLANG_CXX_LANGUAGE_STANDARD = "gnu++0x";
				CLANG_CXX_LIBRARY = "libc++";
				CLANG_ENABLE_MODULES = YES;
				CLANG_ENABLE_OBJC_ARC = YES;
				CLANG_WARN_BOOL_CONVERSION = YES;
				CLANG_WARN_CONSTANT_CONVERSION = YES;
				CLANG_WARN_DIRECT_OBJC_ISA_USAGE = YES_ERROR;
				CLANG_WARN_DOCUMENTATION_COMMENTS = YES;
				CLANG_WARN_EMPTY_BODY = YES;
				CLANG_WARN_ENUM_CONVERSION = YES;
				CLANG_WARN_INFINITE_RECURSION = YES;
				CLANG_WARN_INT_CONVERSION = YES;
				CLANG_WARN_OBJC_ROOT_CLASS = YES_ERROR;
				CLANG_WARN_SUSPICIOUS_MOVE = YES;
				CLANG_WARN_UNREACHABLE_CODE = YES;
				CLANG_WARN__DUPLICATE_METHOD_MATCH = YES;
				"CODE_SIGN_IDENTITY[sdk=iphoneos*]" = "iPhone Developer";
				COPY_PHASE_STRIP = NO;
				DEBUG_INFORMATION_FORMAT = "dwarf-with-dsym";
				ENABLE_NS_ASSERTIONS = NO;
				ENABLE_STRICT_OBJC_MSGSEND = YES;
				GCC_C_LANGUAGE_STANDARD = gnu99;
				GCC_NO_COMMON_BLOCKS = YES;
				GCC_WARN_64_TO_32_BIT_CONVERSION = YES;
				GCC_WARN_ABOUT_RETURN_TYPE = YES_ERROR;
				GCC_WARN_UNDECLARED_SELECTOR = YES;
				GCC_WARN_UNINITIALIZED_AUTOS = YES_AGGRESSIVE;
				GCC_WARN_UNUSED_FUNCTION = YES;
				GCC_WARN_UNUSED_VARIABLE = YES;
				IPHONEOS_DEPLOYMENT_TARGET = 10.3;
				MTL_ENABLE_DEBUG_INFO = NO;
				SDKROOT = iphoneos;
				SWIFT_OPTIMIZATION_LEVEL = "-Owholemodule";
				TARGETED_DEVICE_FAMILY = "1,2";
				VALIDATE_PRODUCT = YES;
			};
			name = Release;
		};
		40A2D99A1EE4BA2300FE237A /* Debug */ = {
			isa = XCBuildConfiguration;
			buildSettings = {
				ASSETCATALOG_COMPILER_APPICON_NAME = "AppIcon-1";
				DEVELOPMENT_TEAM = 434WL5CLN7;
				INFOPLIST_FILE = "Book of Many Things/Info.plist";
				IPHONEOS_DEPLOYMENT_TARGET = 9.0;
				LD_RUNPATH_SEARCH_PATHS = "$(inherited) @executable_path/Frameworks";
				PRODUCT_BUNDLE_IDENTIFIER = "ca.victorjifcu.Book-of-Many-Things";
				PRODUCT_NAME = "$(TARGET_NAME)";
				SWIFT_VERSION = 3.0;
			};
			name = Debug;
		};
		40A2D99B1EE4BA2300FE237A /* Release */ = {
			isa = XCBuildConfiguration;
			buildSettings = {
				ASSETCATALOG_COMPILER_APPICON_NAME = "AppIcon-1";
				DEVELOPMENT_TEAM = 434WL5CLN7;
				INFOPLIST_FILE = "Book of Many Things/Info.plist";
				IPHONEOS_DEPLOYMENT_TARGET = 9.0;
				LD_RUNPATH_SEARCH_PATHS = "$(inherited) @executable_path/Frameworks";
				PRODUCT_BUNDLE_IDENTIFIER = "ca.victorjifcu.Book-of-Many-Things";
				PRODUCT_NAME = "$(TARGET_NAME)";
				SWIFT_VERSION = 3.0;
			};
			name = Release;
		};
		40A2D99D1EE4BA2300FE237A /* Debug */ = {
			isa = XCBuildConfiguration;
			buildSettings = {
				ALWAYS_EMBED_SWIFT_STANDARD_LIBRARIES = YES;
				BUNDLE_LOADER = "$(TEST_HOST)";
				DEVELOPMENT_TEAM = GVGKEVD3RJ;
				INFOPLIST_FILE = "Book of Many ThingsTests/Info.plist";
				LD_RUNPATH_SEARCH_PATHS = "$(inherited) @executable_path/Frameworks @loader_path/Frameworks";
				PRODUCT_BUNDLE_IDENTIFIER = "com.vgjifcu.Book-of-Many-ThingsTests";
				PRODUCT_NAME = "$(TARGET_NAME)";
				SWIFT_VERSION = 3.0;
				TEST_HOST = "$(BUILT_PRODUCTS_DIR)/Book of Many Things.app/Book of Many Things";
			};
			name = Debug;
		};
		40A2D99E1EE4BA2300FE237A /* Release */ = {
			isa = XCBuildConfiguration;
			buildSettings = {
				ALWAYS_EMBED_SWIFT_STANDARD_LIBRARIES = YES;
				BUNDLE_LOADER = "$(TEST_HOST)";
				DEVELOPMENT_TEAM = GVGKEVD3RJ;
				INFOPLIST_FILE = "Book of Many ThingsTests/Info.plist";
				LD_RUNPATH_SEARCH_PATHS = "$(inherited) @executable_path/Frameworks @loader_path/Frameworks";
				PRODUCT_BUNDLE_IDENTIFIER = "com.vgjifcu.Book-of-Many-ThingsTests";
				PRODUCT_NAME = "$(TARGET_NAME)";
				SWIFT_VERSION = 3.0;
				TEST_HOST = "$(BUILT_PRODUCTS_DIR)/Book of Many Things.app/Book of Many Things";
			};
			name = Release;
		};
/* End XCBuildConfiguration section */

/* Begin XCConfigurationList section */
		40A2D9751EE4BA2300FE237A /* Build configuration list for PBXProject "Book of Many Things" */ = {
			isa = XCConfigurationList;
			buildConfigurations = (
				40A2D9971EE4BA2300FE237A /* Debug */,
				40A2D9981EE4BA2300FE237A /* Release */,
			);
			defaultConfigurationIsVisible = 0;
			defaultConfigurationName = Release;
		};
		40A2D9991EE4BA2300FE237A /* Build configuration list for PBXNativeTarget "Book of Many Things" */ = {
			isa = XCConfigurationList;
			buildConfigurations = (
				40A2D99A1EE4BA2300FE237A /* Debug */,
				40A2D99B1EE4BA2300FE237A /* Release */,
			);
			defaultConfigurationIsVisible = 0;
			defaultConfigurationName = Release;
		};
		40A2D99C1EE4BA2300FE237A /* Build configuration list for PBXNativeTarget "Book of Many ThingsTests" */ = {
			isa = XCConfigurationList;
			buildConfigurations = (
				40A2D99D1EE4BA2300FE237A /* Debug */,
				40A2D99E1EE4BA2300FE237A /* Release */,
			);
			defaultConfigurationIsVisible = 0;
			defaultConfigurationName = Release;
		};
/* End XCConfigurationList section */
	};
	rootObject = 40A2D9721EE4BA2300FE237A /* Project object */;
}
