// !$*UTF8*$!
{
	archiveVersion = 1;
	classes = {
	};
	objectVersion = 46;
	objects = {

/* Begin PBXBuildFile section */
		409FC5371EE4B6D10047A7BE /* AppDelegate.swift in Sources */ = {isa = PBXBuildFile; fileRef = 409FC5361EE4B6D10047A7BE /* AppDelegate.swift */; };
		409FC5391EE4B6D10047A7BE /* RootViewController.swift in Sources */ = {isa = PBXBuildFile; fileRef = 409FC5381EE4B6D10047A7BE /* RootViewController.swift */; };
		409FC53B1EE4B6D10047A7BE /* DataViewController.swift in Sources */ = {isa = PBXBuildFile; fileRef = 409FC53A1EE4B6D10047A7BE /* DataViewController.swift */; };
		409FC53D1EE4B6D10047A7BE /* ModelController.swift in Sources */ = {isa = PBXBuildFile; fileRef = 409FC53C1EE4B6D10047A7BE /* ModelController.swift */; };
		409FC5401EE4B6D10047A7BE /* Main.storyboard in Resources */ = {isa = PBXBuildFile; fileRef = 409FC53E1EE4B6D10047A7BE /* Main.storyboard */; };
		409FC5421EE4B6D10047A7BE /* Assets.xcassets in Resources */ = {isa = PBXBuildFile; fileRef = 409FC5411EE4B6D10047A7BE /* Assets.xcassets */; };
		409FC5451EE4B6D10047A7BE /* LaunchScreen.storyboard in Resources */ = {isa = PBXBuildFile; fileRef = 409FC5431EE4B6D10047A7BE /* LaunchScreen.storyboard */; };
		409FC5501EE4B6D10047A7BE /* Book_of_Many_ThingsTests.swift in Sources */ = {isa = PBXBuildFile; fileRef = 409FC54F1EE4B6D10047A7BE /* Book_of_Many_ThingsTests.swift */; };
/* End PBXBuildFile section */

/* Begin PBXContainerItemProxy section */
		409FC54C1EE4B6D10047A7BE /* PBXContainerItemProxy */ = {
			isa = PBXContainerItemProxy;
			containerPortal = 409FC52B1EE4B6D10047A7BE /* Project object */;
			proxyType = 1;
			remoteGlobalIDString = 409FC5321EE4B6D10047A7BE;
			remoteInfo = "Book of Many Things";
		};
/* End PBXContainerItemProxy section */

/* Begin PBXFileReference section */
		409FC5331EE4B6D10047A7BE /* Book of Many Things.app */ = {isa = PBXFileReference; explicitFileType = wrapper.application; includeInIndex = 0; path = "Book of Many Things.app"; sourceTree = BUILT_PRODUCTS_DIR; };
		409FC5361EE4B6D10047A7BE /* AppDelegate.swift */ = {isa = PBXFileReference; lastKnownFileType = sourcecode.swift; path = AppDelegate.swift; sourceTree = "<group>"; };
		409FC5381EE4B6D10047A7BE /* RootViewController.swift */ = {isa = PBXFileReference; lastKnownFileType = sourcecode.swift; path = RootViewController.swift; sourceTree = "<group>"; };
		409FC53A1EE4B6D10047A7BE /* DataViewController.swift */ = {isa = PBXFileReference; lastKnownFileType = sourcecode.swift; path = DataViewController.swift; sourceTree = "<group>"; };
		409FC53C1EE4B6D10047A7BE /* ModelController.swift */ = {isa = PBXFileReference; lastKnownFileType = sourcecode.swift; path = ModelController.swift; sourceTree = "<group>"; };
		409FC53F1EE4B6D10047A7BE /* Base */ = {isa = PBXFileReference; lastKnownFileType = file.storyboard; name = Base; path = Base.lproj/Main.storyboard; sourceTree = "<group>"; };
		409FC5411EE4B6D10047A7BE /* Assets.xcassets */ = {isa = PBXFileReference; lastKnownFileType = folder.assetcatalog; path = Assets.xcassets; sourceTree = "<group>"; };
		409FC5441EE4B6D10047A7BE /* Base */ = {isa = PBXFileReference; lastKnownFileType = file.storyboard; name = Base; path = Base.lproj/LaunchScreen.storyboard; sourceTree = "<group>"; };
		409FC5461EE4B6D10047A7BE /* Info.plist */ = {isa = PBXFileReference; lastKnownFileType = text.plist.xml; path = Info.plist; sourceTree = "<group>"; };
		409FC54B1EE4B6D10047A7BE /* Book of Many ThingsTests.xctest */ = {isa = PBXFileReference; explicitFileType = wrapper.cfbundle; includeInIndex = 0; path = "Book of Many ThingsTests.xctest"; sourceTree = BUILT_PRODUCTS_DIR; };
		409FC54F1EE4B6D10047A7BE /* Book_of_Many_ThingsTests.swift */ = {isa = PBXFileReference; lastKnownFileType = sourcecode.swift; path = Book_of_Many_ThingsTests.swift; sourceTree = "<group>"; };
		409FC5511EE4B6D10047A7BE /* Info.plist */ = {isa = PBXFileReference; lastKnownFileType = text.plist.xml; path = Info.plist; sourceTree = "<group>"; };
/* End PBXFileReference section */

/* Begin PBXFrameworksBuildPhase section */
		409FC5301EE4B6D10047A7BE /* Frameworks */ = {
			isa = PBXFrameworksBuildPhase;
			buildActionMask = 2147483647;
			files = (
			);
			runOnlyForDeploymentPostprocessing = 0;
		};
		409FC5481EE4B6D10047A7BE /* Frameworks */ = {
			isa = PBXFrameworksBuildPhase;
			buildActionMask = 2147483647;
			files = (
			);
			runOnlyForDeploymentPostprocessing = 0;
		};
/* End PBXFrameworksBuildPhase section */

/* Begin PBXGroup section */
		409FC52A1EE4B6D10047A7BE = {
			isa = PBXGroup;
			children = (
				409FC5351EE4B6D10047A7BE /* Book of Many Things */,
				409FC54E1EE4B6D10047A7BE /* Book of Many ThingsTests */,
				409FC5341EE4B6D10047A7BE /* Products */,
			);
			sourceTree = "<group>";
		};
		409FC5341EE4B6D10047A7BE /* Products */ = {
			isa = PBXGroup;
			children = (
				409FC5331EE4B6D10047A7BE /* Book of Many Things.app */,
				409FC54B1EE4B6D10047A7BE /* Book of Many ThingsTests.xctest */,
			);
			name = Products;
			sourceTree = "<group>";
		};
		409FC5351EE4B6D10047A7BE /* Book of Many Things */ = {
			isa = PBXGroup;
			children = (
				409FC5361EE4B6D10047A7BE /* AppDelegate.swift */,
				409FC5381EE4B6D10047A7BE /* RootViewController.swift */,
				409FC53A1EE4B6D10047A7BE /* DataViewController.swift */,
				409FC53C1EE4B6D10047A7BE /* ModelController.swift */,
				409FC53E1EE4B6D10047A7BE /* Main.storyboard */,
				409FC5411EE4B6D10047A7BE /* Assets.xcassets */,
				409FC5431EE4B6D10047A7BE /* LaunchScreen.storyboard */,
				409FC5461EE4B6D10047A7BE /* Info.plist */,
			);
			path = "Book of Many Things";
			sourceTree = "<group>";
		};
		409FC54E1EE4B6D10047A7BE /* Book of Many ThingsTests */ = {
			isa = PBXGroup;
			children = (
				409FC54F1EE4B6D10047A7BE /* Book_of_Many_ThingsTests.swift */,
				409FC5511EE4B6D10047A7BE /* Info.plist */,
			);
			path = "Book of Many ThingsTests";
			sourceTree = "<group>";
		};
/* End PBXGroup section */

/* Begin PBXNativeTarget section */
		409FC5321EE4B6D10047A7BE /* Book of Many Things */ = {
			isa = PBXNativeTarget;
			buildConfigurationList = 409FC5541EE4B6D10047A7BE /* Build configuration list for PBXNativeTarget "Book of Many Things" */;
			buildPhases = (
				409FC52F1EE4B6D10047A7BE /* Sources */,
				409FC5301EE4B6D10047A7BE /* Frameworks */,
				409FC5311EE4B6D10047A7BE /* Resources */,
			);
			buildRules = (
			);
			dependencies = (
			);
			name = "Book of Many Things";
			productName = "Book of Many Things";
			productReference = 409FC5331EE4B6D10047A7BE /* Book of Many Things.app */;
			productType = "com.apple.product-type.application";
		};
		409FC54A1EE4B6D10047A7BE /* Book of Many ThingsTests */ = {
			isa = PBXNativeTarget;
			buildConfigurationList = 409FC5571EE4B6D10047A7BE /* Build configuration list for PBXNativeTarget "Book of Many ThingsTests" */;
			buildPhases = (
				409FC5471EE4B6D10047A7BE /* Sources */,
				409FC5481EE4B6D10047A7BE /* Frameworks */,
				409FC5491EE4B6D10047A7BE /* Resources */,
			);
			buildRules = (
			);
			dependencies = (
				409FC54D1EE4B6D10047A7BE /* PBXTargetDependency */,
			);
			name = "Book of Many ThingsTests";
			productName = "Book of Many ThingsTests";
			productReference = 409FC54B1EE4B6D10047A7BE /* Book of Many ThingsTests.xctest */;
			productType = "com.apple.product-type.bundle.unit-test";
		};
/* End PBXNativeTarget section */

/* Begin PBXProject section */
		409FC52B1EE4B6D10047A7BE /* Project object */ = {
			isa = PBXProject;
			attributes = {
				LastSwiftUpdateCheck = 0830;
				LastUpgradeCheck = 0830;
				ORGANIZATIONNAME = "Victor Jifcu";
				TargetAttributes = {
					409FC5321EE4B6D10047A7BE = {
						CreatedOnToolsVersion = 8.3.2;
						DevelopmentTeam = GVGKEVD3RJ;
						ProvisioningStyle = Automatic;
					};
					409FC54A1EE4B6D10047A7BE = {
						CreatedOnToolsVersion = 8.3.2;
						DevelopmentTeam = GVGKEVD3RJ;
						ProvisioningStyle = Automatic;
						TestTargetID = 409FC5321EE4B6D10047A7BE;
					};
				};
			};
			buildConfigurationList = 409FC52E1EE4B6D10047A7BE /* Build configuration list for PBXProject "Book of Many Things" */;
			compatibilityVersion = "Xcode 3.2";
			developmentRegion = English;
			hasScannedForEncodings = 0;
			knownRegions = (
				en,
				Base,
			);
			mainGroup = 409FC52A1EE4B6D10047A7BE;
			productRefGroup = 409FC5341EE4B6D10047A7BE /* Products */;
			projectDirPath = "";
			projectRoot = "";
			targets = (
				409FC5321EE4B6D10047A7BE /* Book of Many Things */,
				409FC54A1EE4B6D10047A7BE /* Book of Many ThingsTests */,
			);
		};
/* End PBXProject section */

/* Begin PBXResourcesBuildPhase section */
		409FC5311EE4B6D10047A7BE /* Resources */ = {
			isa = PBXResourcesBuildPhase;
			buildActionMask = 2147483647;
			files = (
				409FC5451EE4B6D10047A7BE /* LaunchScreen.storyboard in Resources */,
				409FC5421EE4B6D10047A7BE /* Assets.xcassets in Resources */,
				409FC5401EE4B6D10047A7BE /* Main.storyboard in Resources */,
			);
			runOnlyForDeploymentPostprocessing = 0;
		};
		409FC5491EE4B6D10047A7BE /* Resources */ = {
			isa = PBXResourcesBuildPhase;
			buildActionMask = 2147483647;
			files = (
			);
			runOnlyForDeploymentPostprocessing = 0;
		};
/* End PBXResourcesBuildPhase section */

/* Begin PBXSourcesBuildPhase section */
		409FC52F1EE4B6D10047A7BE /* Sources */ = {
			isa = PBXSourcesBuildPhase;
			buildActionMask = 2147483647;
			files = (
				409FC5391EE4B6D10047A7BE /* RootViewController.swift in Sources */,
				409FC53D1EE4B6D10047A7BE /* ModelController.swift in Sources */,
				409FC53B1EE4B6D10047A7BE /* DataViewController.swift in Sources */,
				409FC5371EE4B6D10047A7BE /* AppDelegate.swift in Sources */,
			);
			runOnlyForDeploymentPostprocessing = 0;
		};
		409FC5471EE4B6D10047A7BE /* Sources */ = {
			isa = PBXSourcesBuildPhase;
			buildActionMask = 2147483647;
			files = (
				409FC5501EE4B6D10047A7BE /* Book_of_Many_ThingsTests.swift in Sources */,
			);
			runOnlyForDeploymentPostprocessing = 0;
		};
/* End PBXSourcesBuildPhase section */

/* Begin PBXTargetDependency section */
		409FC54D1EE4B6D10047A7BE /* PBXTargetDependency */ = {
			isa = PBXTargetDependency;
			target = 409FC5321EE4B6D10047A7BE /* Book of Many Things */;
			targetProxy = 409FC54C1EE4B6D10047A7BE /* PBXContainerItemProxy */;
		};
/* End PBXTargetDependency section */

/* Begin PBXVariantGroup section */
		409FC53E1EE4B6D10047A7BE /* Main.storyboard */ = {
			isa = PBXVariantGroup;
			children = (
				409FC53F1EE4B6D10047A7BE /* Base */,
			);
			name = Main.storyboard;
			sourceTree = "<group>";
		};
		409FC5431EE4B6D10047A7BE /* LaunchScreen.storyboard */ = {
			isa = PBXVariantGroup;
			children = (
				409FC5441EE4B6D10047A7BE /* Base */,
			);
			name = LaunchScreen.storyboard;
			sourceTree = "<group>";
		};
/* End PBXVariantGroup section */

/* Begin XCBuildConfiguration section */
		409FC5521EE4B6D10047A7BE /* Debug */ = {
			isa = XCBuildConfiguration;
			buildSettings = {
				ALWAYS_SEARCH_USER_PATHS = NO;
				CLANG_ANALYZER_NONNULL = YES;
				CLANG_ANALYZER_NUMBER_OBJECT_CONVERSION = YES_AGGRESSIVE;
				CLANG_CXX_LANGUAGE_STANDARD = "gnu++0x";
				CLANG_CXX_LIBRARY = "libc++";
				CLANG_ENABLE_MODULES = YES;
				CLANG_ENABLE_OBJC_ARC = YES;
				CLANG_WARN_BOOL_CONVERSION = YES;
				CLANG_WARN_CONSTANT_CONVERSION = YES;
				CLANG_WARN_DIRECT_OBJC_ISA_USAGE = YES_ERROR;
				CLANG_WARN_DOCUMENTATION_COMMENTS = YES;
				CLANG_WARN_EMPTY_BODY = YES;
				CLANG_WARN_ENUM_CONVERSION = YES;
				CLANG_WARN_INFINITE_RECURSION = YES;
				CLANG_WARN_INT_CONVERSION = YES;
				CLANG_WARN_OBJC_ROOT_CLASS = YES_ERROR;
				CLANG_WARN_SUSPICIOUS_MOVE = YES;
				CLANG_WARN_UNREACHABLE_CODE = YES;
				CLANG_WARN__DUPLICATE_METHOD_MATCH = YES;
				"CODE_SIGN_IDENTITY[sdk=iphoneos*]" = "iPhone Developer";
				COPY_PHASE_STRIP = NO;
				DEBUG_INFORMATION_FORMAT = dwarf;
				ENABLE_STRICT_OBJC_MSGSEND = YES;
				ENABLE_TESTABILITY = YES;
				GCC_C_LANGUAGE_STANDARD = gnu99;
				GCC_DYNAMIC_NO_PIC = NO;
				GCC_NO_COMMON_BLOCKS = YES;
				GCC_OPTIMIZATION_LEVEL = 0;
				GCC_PREPROCESSOR_DEFINITIONS = (
					"DEBUG=1",
					"$(inherited)",
				);
				GCC_WARN_64_TO_32_BIT_CONVERSION = YES;
				GCC_WARN_ABOUT_RETURN_TYPE = YES_ERROR;
				GCC_WARN_UNDECLARED_SELECTOR = YES;
				GCC_WARN_UNINITIALIZED_AUTOS = YES_AGGRESSIVE;
				GCC_WARN_UNUSED_FUNCTION = YES;
				GCC_WARN_UNUSED_VARIABLE = YES;
				IPHONEOS_DEPLOYMENT_TARGET = 10.3;
				MTL_ENABLE_DEBUG_INFO = YES;
				ONLY_ACTIVE_ARCH = YES;
				SDKROOT = iphoneos;
				SWIFT_ACTIVE_COMPILATION_CONDITIONS = DEBUG;
				SWIFT_OPTIMIZATION_LEVEL = "-Onone";
				TARGETED_DEVICE_FAMILY = "1,2";
			};
			name = Debug;
		};
		409FC5531EE4B6D10047A7BE /* Release */ = {
			isa = XCBuildConfiguration;
			buildSettings = {
				ALWAYS_SEARCH_USER_PATHS = NO;
				CLANG_ANALYZER_NONNULL = YES;
				CLANG_ANALYZER_NUMBER_OBJECT_CONVERSION = YES_AGGRESSIVE;
				CLANG_CXX_LANGUAGE_STANDARD = "gnu++0x";
				CLANG_CXX_LIBRARY = "libc++";
				CLANG_ENABLE_MODULES = YES;
				CLANG_ENABLE_OBJC_ARC = YES;
				CLANG_WARN_BOOL_CONVERSION = YES;
				CLANG_WARN_CONSTANT_CONVERSION = YES;
				CLANG_WARN_DIRECT_OBJC_ISA_USAGE = YES_ERROR;
				CLANG_WARN_DOCUMENTATION_COMMENTS = YES;
				CLANG_WARN_EMPTY_BODY = YES;
				CLANG_WARN_ENUM_CONVERSION = YES;
				CLANG_WARN_INFINITE_RECURSION = YES;
				CLANG_WARN_INT_CONVERSION = YES;
				CLANG_WARN_OBJC_ROOT_CLASS = YES_ERROR;
				CLANG_WARN_SUSPICIOUS_MOVE = YES;
				CLANG_WARN_UNREACHABLE_CODE = YES;
				CLANG_WARN__DUPLICATE_METHOD_MATCH = YES;
				"CODE_SIGN_IDENTITY[sdk=iphoneos*]" = "iPhone Developer";
				COPY_PHASE_STRIP = NO;
				DEBUG_INFORMATION_FORMAT = "dwarf-with-dsym";
				ENABLE_NS_ASSERTIONS = NO;
				ENABLE_STRICT_OBJC_MSGSEND = YES;
				GCC_C_LANGUAGE_STANDARD = gnu99;
				GCC_NO_COMMON_BLOCKS = YES;
				GCC_WARN_64_TO_32_BIT_CONVERSION = YES;
				GCC_WARN_ABOUT_RETURN_TYPE = YES_ERROR;
				GCC_WARN_UNDECLARED_SELECTOR = YES;
				GCC_WARN_UNINITIALIZED_AUTOS = YES_AGGRESSIVE;
				GCC_WARN_UNUSED_FUNCTION = YES;
				GCC_WARN_UNUSED_VARIABLE = YES;
				IPHONEOS_DEPLOYMENT_TARGET = 10.3;
				MTL_ENABLE_DEBUG_INFO = NO;
				SDKROOT = iphoneos;
				SWIFT_OPTIMIZATION_LEVEL = "-Owholemodule";
				TARGETED_DEVICE_FAMILY = "1,2";
				VALIDATE_PRODUCT = YES;
			};
			name = Release;
		};
		409FC5551EE4B6D10047A7BE /* Debug */ = {
			isa = XCBuildConfiguration;
			buildSettings = {
				ASSETCATALOG_COMPILER_APPICON_NAME = AppIcon;
				DEVELOPMENT_TEAM = GVGKEVD3RJ;
				INFOPLIST_FILE = "Book of Many Things/Info.plist";
				LD_RUNPATH_SEARCH_PATHS = "$(inherited) @executable_path/Frameworks";
				PRODUCT_BUNDLE_IDENTIFIER = "com.vgjifcu.Book-of-Many-Things";
				PRODUCT_NAME = "$(TARGET_NAME)";
				SWIFT_VERSION = 3.0;
			};
			name = Debug;
		};
		409FC5561EE4B6D10047A7BE /* Release */ = {
			isa = XCBuildConfiguration;
			buildSettings = {
				ASSETCATALOG_COMPILER_APPICON_NAME = AppIcon;
				DEVELOPMENT_TEAM = GVGKEVD3RJ;
				INFOPLIST_FILE = "Book of Many Things/Info.plist";
				LD_RUNPATH_SEARCH_PATHS = "$(inherited) @executable_path/Frameworks";
				PRODUCT_BUNDLE_IDENTIFIER = "com.vgjifcu.Book-of-Many-Things";
				PRODUCT_NAME = "$(TARGET_NAME)";
				SWIFT_VERSION = 3.0;
			};
			name = Release;
		};
		409FC5581EE4B6D10047A7BE /* Debug */ = {
			isa = XCBuildConfiguration;
			buildSettings = {
				ALWAYS_EMBED_SWIFT_STANDARD_LIBRARIES = YES;
				BUNDLE_LOADER = "$(TEST_HOST)";
				DEVELOPMENT_TEAM = GVGKEVD3RJ;
				INFOPLIST_FILE = "Book of Many ThingsTests/Info.plist";
				LD_RUNPATH_SEARCH_PATHS = "$(inherited) @executable_path/Frameworks @loader_path/Frameworks";
				PRODUCT_BUNDLE_IDENTIFIER = "com.vgjifcu.Book-of-Many-ThingsTests";
				PRODUCT_NAME = "$(TARGET_NAME)";
				SWIFT_VERSION = 3.0;
				TEST_HOST = "$(BUILT_PRODUCTS_DIR)/Book of Many Things.app/Book of Many Things";
			};
			name = Debug;
		};
		409FC5591EE4B6D10047A7BE /* Release */ = {
			isa = XCBuildConfiguration;
			buildSettings = {
				ALWAYS_EMBED_SWIFT_STANDARD_LIBRARIES = YES;
				BUNDLE_LOADER = "$(TEST_HOST)";
				DEVELOPMENT_TEAM = GVGKEVD3RJ;
				INFOPLIST_FILE = "Book of Many ThingsTests/Info.plist";
				LD_RUNPATH_SEARCH_PATHS = "$(inherited) @executable_path/Frameworks @loader_path/Frameworks";
				PRODUCT_BUNDLE_IDENTIFIER = "com.vgjifcu.Book-of-Many-ThingsTests";
				PRODUCT_NAME = "$(TARGET_NAME)";
				SWIFT_VERSION = 3.0;
				TEST_HOST = "$(BUILT_PRODUCTS_DIR)/Book of Many Things.app/Book of Many Things";
			};
			name = Release;
		};
/* End XCBuildConfiguration section */

/* Begin XCConfigurationList section */
		409FC52E1EE4B6D10047A7BE /* Build configuration list for PBXProject "Book of Many Things" */ = {
			isa = XCConfigurationList;
			buildConfigurations = (
				409FC5521EE4B6D10047A7BE /* Debug */,
				409FC5531EE4B6D10047A7BE /* Release */,
			);
			defaultConfigurationIsVisible = 0;
			defaultConfigurationName = Release;
		};
		409FC5541EE4B6D10047A7BE /* Build configuration list for PBXNativeTarget "Book of Many Things" */ = {
			isa = XCConfigurationList;
			buildConfigurations = (
				409FC5551EE4B6D10047A7BE /* Debug */,
				409FC5561EE4B6D10047A7BE /* Release */,
			);
			defaultConfigurationIsVisible = 0;
		};
		409FC5571EE4B6D10047A7BE /* Build configuration list for PBXNativeTarget "Book of Many ThingsTests" */ = {
			isa = XCConfigurationList;
			buildConfigurations = (
				409FC5581EE4B6D10047A7BE /* Debug */,
				409FC5591EE4B6D10047A7BE /* Release */,
			);
			defaultConfigurationIsVisible = 0;
		};
/* End XCConfigurationList section */
	};
	rootObject = 409FC52B1EE4B6D10047A7BE /* Project object */;
}
